
Microsoft Visual Studio Solution File, Format Version 12.00
# Visual Studio 15
VisualStudioVersion = 15.0.28307.539
MinimumVisualStudioVersion = 10.0.40219.1
Project("{FAE04EC0-301F-11D3-BF4B-00C04F79EFBC}") = "SIATO", "SIATO\SIATO.csproj", "{AA5B514F-5BB2-40E5-909A-86F77F9A668B}"
EndProject
Global
	GlobalSection(SolutionConfigurationPlatforms) = preSolution
		Debug|Any CPU = Debug|Any CPU
		Release|Any CPU = Release|Any CPU
	EndGlobalSection
	GlobalSection(ProjectConfigurationPlatforms) = postSolution
		{AA5B514F-5BB2-40E5-909A-86F77F9A668B}.Debug|Any CPU.ActiveCfg = Debug|Any CPU
		{AA5B514F-5BB2-40E5-909A-86F77F9A668B}.Debug|Any CPU.Build.0 = Debug|Any CPU
		{AA5B514F-5BB2-40E5-909A-86F77F9A668B}.Release|Any CPU.ActiveCfg = Release|Any CPU
		{AA5B514F-5BB2-40E5-909A-86F77F9A668B}.Release|Any CPU.Build.0 = Release|Any CPU
	EndGlobalSection
	GlobalSection(SolutionProperties) = preSolution
		HideSolutionNode = FALSE
	EndGlobalSection
	GlobalSection(ExtensibilityGlobals) = postSolution
		SolutionGuid = {8B59A988-AF98-45CD-8930-5FBD832641E1}
	EndGlobalSection
EndGlobal
